
Microsoft Visual Studio Solution File, Format Version 12.00
# Visual Studio Version 17
VisualStudioVersion = 17.8.34511.84
MinimumVisualStudioVersion = 10.0.40219.1
Project("{2150E333-8FDC-42A3-9474-1A3956D46DE8}") = "src", "src", "{86675C62-6FB0-43EE-99F0-33B806E5C5C7}"
EndProject
Project("{2150E333-8FDC-42A3-9474-1A3956D46DE8}") = "tests", "tests", "{50A04F28-CF63-4AFF-9132-49AD181875B9}"
EndProject
Project("{2150E333-8FDC-42A3-9474-1A3956D46DE8}") = "Core", "Core", "{CA4EA1B0-09CD-4A61-99A8-F2381F9DCD84}"
EndProject
Project("{2150E333-8FDC-42A3-9474-1A3956D46DE8}") = "Infrastructure", "Infrastructure", "{6483AE69-C29E-4A4B-9EE9-A30DF28DB227}"
EndProject
Project("{FAE04EC0-301F-11D3-BF4B-00C04F79EFBC}") = "Acme.School.Domain", "Acme.School.Domain\Acme.School.Domain.csproj", "{3F2C8839-550C-48FA-81EA-060EB9932809}"
EndProject
Project("{FAE04EC0-301F-11D3-BF4B-00C04F79EFBC}") = "Acme.School.Application", "Acme.School.Application\Acme.School.Application.csproj", "{186CD597-C0E2-441C-91C1-F89FFF451E90}"
EndProject
Project("{FAE04EC0-301F-11D3-BF4B-00C04F79EFBC}") = "Acme.School.Persistence", "Acme.School.Persistence\Acme.School.Persistence.csproj", "{849856B3-D5FE-4C31-95B9-E3CC811CCAE1}"
EndProject
Project("{2150E333-8FDC-42A3-9474-1A3956D46DE8}") = "Unit", "Unit", "{1B9045AE-0DDF-4907-90D7-525CFE9BDD1D}"
EndProject
Project("{FAE04EC0-301F-11D3-BF4B-00C04F79EFBC}") = "Acme.School.Application.Tests", "Acme.School.Application.Tests\Acme.School.Application.Tests.csproj", "{FC896B46-FC6B-423E-AE5F-F50858121069}"
EndProject
Project("{FAE04EC0-301F-11D3-BF4B-00C04F79EFBC}") = "Acme.School.Domain.Tests", "Acme.School.Domain.Tests\Acme.School.Domain.Tests.csproj", "{7239FEB0-7E9D-4DDA-A8DE-74E8B31FFA22}"
EndProject
Project("{2150E333-8FDC-42A3-9474-1A3956D46DE8}") = "Utilities", "Utilities", "{EA09A6AB-D55A-4B69-BFB5-B0C33FFF2450}"
EndProject
Project("{FAE04EC0-301F-11D3-BF4B-00C04F79EFBC}") = "Acme.School.Tests.Utilities", "Acme.School.Tests.Utilities\Acme.School.Tests.Utilities.csproj", "{45DACAC1-B2B2-4401-9E53-8BBEFD5CCBF3}"
EndProject
Global
	GlobalSection(SolutionConfigurationPlatforms) = preSolution
		Debug|Any CPU = Debug|Any CPU
		Release|Any CPU = Release|Any CPU
	EndGlobalSection
	GlobalSection(ProjectConfigurationPlatforms) = postSolution
		{3F2C8839-550C-48FA-81EA-060EB9932809}.Debug|Any CPU.ActiveCfg = Debug|Any CPU
		{3F2C8839-550C-48FA-81EA-060EB9932809}.Debug|Any CPU.Build.0 = Debug|Any CPU
		{3F2C8839-550C-48FA-81EA-060EB9932809}.Release|Any CPU.ActiveCfg = Release|Any CPU
		{3F2C8839-550C-48FA-81EA-060EB9932809}.Release|Any CPU.Build.0 = Release|Any CPU
		{186CD597-C0E2-441C-91C1-F89FFF451E90}.Debug|Any CPU.ActiveCfg = Debug|Any CPU
		{186CD597-C0E2-441C-91C1-F89FFF451E90}.Debug|Any CPU.Build.0 = Debug|Any CPU
		{186CD597-C0E2-441C-91C1-F89FFF451E90}.Release|Any CPU.ActiveCfg = Release|Any CPU
		{186CD597-C0E2-441C-91C1-F89FFF451E90}.Release|Any CPU.Build.0 = Release|Any CPU
		{849856B3-D5FE-4C31-95B9-E3CC811CCAE1}.Debug|Any CPU.ActiveCfg = Debug|Any CPU
		{849856B3-D5FE-4C31-95B9-E3CC811CCAE1}.Debug|Any CPU.Build.0 = Debug|Any CPU
		{849856B3-D5FE-4C31-95B9-E3CC811CCAE1}.Release|Any CPU.ActiveCfg = Release|Any CPU
		{849856B3-D5FE-4C31-95B9-E3CC811CCAE1}.Release|Any CPU.Build.0 = Release|Any CPU
		{FC896B46-FC6B-423E-AE5F-F50858121069}.Debug|Any CPU.ActiveCfg = Debug|Any CPU
		{FC896B46-FC6B-423E-AE5F-F50858121069}.Debug|Any CPU.Build.0 = Debug|Any CPU
		{FC896B46-FC6B-423E-AE5F-F50858121069}.Release|Any CPU.ActiveCfg = Release|Any CPU
		{FC896B46-FC6B-423E-AE5F-F50858121069}.Release|Any CPU.Build.0 = Release|Any CPU
		{7239FEB0-7E9D-4DDA-A8DE-74E8B31FFA22}.Debug|Any CPU.ActiveCfg = Debug|Any CPU
		{7239FEB0-7E9D-4DDA-A8DE-74E8B31FFA22}.Debug|Any CPU.Build.0 = Debug|Any CPU
		{7239FEB0-7E9D-4DDA-A8DE-74E8B31FFA22}.Release|Any CPU.ActiveCfg = Release|Any CPU
		{7239FEB0-7E9D-4DDA-A8DE-74E8B31FFA22}.Release|Any CPU.Build.0 = Release|Any CPU
		{45DACAC1-B2B2-4401-9E53-8BBEFD5CCBF3}.Debug|Any CPU.ActiveCfg = Debug|Any CPU
		{45DACAC1-B2B2-4401-9E53-8BBEFD5CCBF3}.Debug|Any CPU.Build.0 = Debug|Any CPU
		{45DACAC1-B2B2-4401-9E53-8BBEFD5CCBF3}.Release|Any CPU.ActiveCfg = Release|Any CPU
		{45DACAC1-B2B2-4401-9E53-8BBEFD5CCBF3}.Release|Any CPU.Build.0 = Release|Any CPU
	EndGlobalSection
	GlobalSection(SolutionProperties) = preSolution
		HideSolutionNode = FALSE
	EndGlobalSection
	GlobalSection(NestedProjects) = preSolution
		{CA4EA1B0-09CD-4A61-99A8-F2381F9DCD84} = {86675C62-6FB0-43EE-99F0-33B806E5C5C7}
		{6483AE69-C29E-4A4B-9EE9-A30DF28DB227} = {86675C62-6FB0-43EE-99F0-33B806E5C5C7}
		{3F2C8839-550C-48FA-81EA-060EB9932809} = {CA4EA1B0-09CD-4A61-99A8-F2381F9DCD84}
		{186CD597-C0E2-441C-91C1-F89FFF451E90} = {CA4EA1B0-09CD-4A61-99A8-F2381F9DCD84}
		{849856B3-D5FE-4C31-95B9-E3CC811CCAE1} = {6483AE69-C29E-4A4B-9EE9-A30DF28DB227}
		{1B9045AE-0DDF-4907-90D7-525CFE9BDD1D} = {50A04F28-CF63-4AFF-9132-49AD181875B9}
		{FC896B46-FC6B-423E-AE5F-F50858121069} = {1B9045AE-0DDF-4907-90D7-525CFE9BDD1D}
		{7239FEB0-7E9D-4DDA-A8DE-74E8B31FFA22} = {1B9045AE-0DDF-4907-90D7-525CFE9BDD1D}
		{EA09A6AB-D55A-4B69-BFB5-B0C33FFF2450} = {50A04F28-CF63-4AFF-9132-49AD181875B9}
		{45DACAC1-B2B2-4401-9E53-8BBEFD5CCBF3} = {EA09A6AB-D55A-4B69-BFB5-B0C33FFF2450}
	EndGlobalSection
	GlobalSection(ExtensibilityGlobals) = postSolution
		SolutionGuid = {3032C0AE-21EA-467D-99C0-7F7FFAE4A1DE}
	EndGlobalSection
EndGlobal
